
Microsoft Visual Studio Solution File, Format Version 12.00
# Visual Studio Version 17
VisualStudioVersion = 17.11.35327.3
MinimumVisualStudioVersion = 10.0.40219.1
Project("{8BC9CEB8-8B4A-11D0-8D11-00A0C91BC942}") = "MessageNoticerServer", "MessageNoticerServer\MessageNoticerServer.vcxproj", "{FDC0056E-829D-474E-9834-2E398D6FF819}"
EndProject
Project("{8BC9CEB8-8B4A-11D0-8D11-00A0C91BC942}") = "MessageNoticerClient", "MessageNoticerClient\MessageNoticerClient.vcxproj", "{1BD84559-8A59-4831-900F-7FC2EFC797A5}"
EndProject
Global
	GlobalSection(SolutionConfigurationPlatforms) = preSolution
		Debug|x64 = Debug|x64
		Debug|x86 = Debug|x86
		Release|x64 = Release|x64
		Release|x86 = Release|x86
	EndGlobalSection
	GlobalSection(ProjectConfigurationPlatforms) = postSolution
		{FDC0056E-829D-474E-9834-2E398D6FF819}.Debug|x64.ActiveCfg = Debug|x64
		{FDC0056E-829D-474E-9834-2E398D6FF819}.Debug|x64.Build.0 = Debug|x64
		{FDC0056E-829D-474E-9834-2E398D6FF819}.Debug|x86.ActiveCfg = Debug|Win32
		{FDC0056E-829D-474E-9834-2E398D6FF819}.Debug|x86.Build.0 = Debug|Win32
		{FDC0056E-829D-474E-9834-2E398D6FF819}.Release|x64.ActiveCfg = Release|x64
		{FDC0056E-829D-474E-9834-2E398D6FF819}.Release|x64.Build.0 = Release|x64
		{FDC0056E-829D-474E-9834-2E398D6FF819}.Release|x86.ActiveCfg = Release|Win32
		{FDC0056E-829D-474E-9834-2E398D6FF819}.Release|x86.Build.0 = Release|Win32
		{1BD84559-8A59-4831-900F-7FC2EFC797A5}.Debug|x64.ActiveCfg = Debug|x64
		{1BD84559-8A59-4831-900F-7FC2EFC797A5}.Debug|x64.Build.0 = Debug|x64
		{1BD84559-8A59-4831-900F-7FC2EFC797A5}.Debug|x86.ActiveCfg = Debug|Win32
		{1BD84559-8A59-4831-900F-7FC2EFC797A5}.Debug|x86.Build.0 = Debug|Win32
		{1BD84559-8A59-4831-900F-7FC2EFC797A5}.Release|x64.ActiveCfg = Release|x64
		{1BD84559-8A59-4831-900F-7FC2EFC797A5}.Release|x64.Build.0 = Release|x64
		{1BD84559-8A59-4831-900F-7FC2EFC797A5}.Release|x86.ActiveCfg = Release|Win32
		{1BD84559-8A59-4831-900F-7FC2EFC797A5}.Release|x86.Build.0 = Release|Win32
	EndGlobalSection
	GlobalSection(SolutionProperties) = preSolution
		HideSolutionNode = FALSE
	EndGlobalSection
	GlobalSection(ExtensibilityGlobals) = postSolution
		SolutionGuid = {E4218CBE-48ED-40AD-B25C-18506FC364BB}
	EndGlobalSection
EndGlobal
